
Microsoft Visual Studio Solution File, Format Version 12.00
# Visual Studio Version 17
VisualStudioVersion = 17.6.33717.318
MinimumVisualStudioVersion = 10.0.40219.1
Project("{9A19103F-16F7-4668-BE54-9A1E7A4F7556}") = "Homework9", "Homework12\Homework9.csproj", "{8D1DEDFF-BAED-4EA4-A079-51CC1E49CF6C}"
EndProject
Global
	GlobalSection(SolutionConfigurationPlatforms) = preSolution
		Debug|Any CPU = Debug|Any CPU
		Release|Any CPU = Release|Any CPU
	EndGlobalSection
	GlobalSection(ProjectConfigurationPlatforms) = postSolution
		{8D1DEDFF-BAED-4EA4-A079-51CC1E49CF6C}.Debug|Any CPU.ActiveCfg = Debug|Any CPU
		{8D1DEDFF-BAED-4EA4-A079-51CC1E49CF6C}.Debug|Any CPU.Build.0 = Debug|Any CPU
		{8D1DEDFF-BAED-4EA4-A079-51CC1E49CF6C}.Release|Any CPU.ActiveCfg = Release|Any CPU
		{8D1DEDFF-BAED-4EA4-A079-51CC1E49CF6C}.Release|Any CPU.Build.0 = Release|Any CPU
	EndGlobalSection
	GlobalSection(SolutionProperties) = preSolution
		HideSolutionNode = FALSE
	EndGlobalSection
	GlobalSection(ExtensibilityGlobals) = postSolution
		SolutionGuid = {0503E107-58D4-472B-BE55-B9646E2554E2}
	EndGlobalSection
EndGlobal
