
Microsoft Visual Studio Solution File, Format Version 12.00
# Visual Studio Version 17
VisualStudioVersion = 17.1.32210.238
MinimumVisualStudioVersion = 10.0.40219.1
Project("{FAE04EC0-301F-11D3-BF4B-00C04F79EFBC}") = "homework7", "homework7.csproj", "{B7053FC2-146D-40FE-BD56-1292CDC5EE54}"
EndProject
Global
	GlobalSection(SolutionConfigurationPlatforms) = preSolution
		Debug|Any CPU = Debug|Any CPU
		Release|Any CPU = Release|Any CPU
	EndGlobalSection
	GlobalSection(ProjectConfigurationPlatforms) = postSolution
		{B7053FC2-146D-40FE-BD56-1292CDC5EE54}.Debug|Any CPU.ActiveCfg = Debug|Any CPU
		{B7053FC2-146D-40FE-BD56-1292CDC5EE54}.Debug|Any CPU.Build.0 = Debug|Any CPU
		{B7053FC2-146D-40FE-BD56-1292CDC5EE54}.Release|Any CPU.ActiveCfg = Release|Any CPU
		{B7053FC2-146D-40FE-BD56-1292CDC5EE54}.Release|Any CPU.Build.0 = Release|Any CPU
	EndGlobalSection
	GlobalSection(SolutionProperties) = preSolution
		HideSolutionNode = FALSE
	EndGlobalSection
	GlobalSection(ExtensibilityGlobals) = postSolution
		SolutionGuid = {9E6B3FD9-97E2-43BB-A947-93873A32264B}
	EndGlobalSection
EndGlobal
