
Microsoft Visual Studio Solution File, Format Version 12.00
# Visual Studio Version 17
VisualStudioVersion = 17.1.32210.238
MinimumVisualStudioVersion = 10.0.40219.1
Project("{FAE04EC0-301F-11D3-BF4B-00C04F79EFBC}") = "homework6", "homework6.csproj", "{67ABB0EF-9A45-4B3C-80D8-CB16B5837C11}"
EndProject
Global
	GlobalSection(SolutionConfigurationPlatforms) = preSolution
		Debug|Any CPU = Debug|Any CPU
		Release|Any CPU = Release|Any CPU
	EndGlobalSection
	GlobalSection(ProjectConfigurationPlatforms) = postSolution
		{67ABB0EF-9A45-4B3C-80D8-CB16B5837C11}.Debug|Any CPU.ActiveCfg = Debug|Any CPU
		{67ABB0EF-9A45-4B3C-80D8-CB16B5837C11}.Debug|Any CPU.Build.0 = Debug|Any CPU
		{67ABB0EF-9A45-4B3C-80D8-CB16B5837C11}.Release|Any CPU.ActiveCfg = Release|Any CPU
		{67ABB0EF-9A45-4B3C-80D8-CB16B5837C11}.Release|Any CPU.Build.0 = Release|Any CPU
	EndGlobalSection
	GlobalSection(SolutionProperties) = preSolution
		HideSolutionNode = FALSE
	EndGlobalSection
	GlobalSection(ExtensibilityGlobals) = postSolution
		SolutionGuid = {DF7629DF-5069-4BE8-A70D-0295D0C697E7}
	EndGlobalSection
EndGlobal
